
Microsoft Visual Studio Solution File, Format Version 12.00
# Visual Studio Version 16
VisualStudioVersion = 16.0.31702.278
MinimumVisualStudioVersion = 10.0.40219.1
Project("{FAE04EC0-301F-11D3-BF4B-00C04F79EFBC}") = "BinarySequence", "BinarySequence\BinarySequence.csproj", "{0892B3EC-678A-4F04-BC0D-5646E54A1970}"
EndProject
Global
	GlobalSection(SolutionConfigurationPlatforms) = preSolution
		Debug|Any CPU = Debug|Any CPU
		Release|Any CPU = Release|Any CPU
	EndGlobalSection
	GlobalSection(ProjectConfigurationPlatforms) = postSolution
		{0892B3EC-678A-4F04-BC0D-5646E54A1970}.Debug|Any CPU.ActiveCfg = Debug|Any CPU
		{0892B3EC-678A-4F04-BC0D-5646E54A1970}.Debug|Any CPU.Build.0 = Debug|Any CPU
		{0892B3EC-678A-4F04-BC0D-5646E54A1970}.Release|Any CPU.ActiveCfg = Release|Any CPU
		{0892B3EC-678A-4F04-BC0D-5646E54A1970}.Release|Any CPU.Build.0 = Release|Any CPU
	EndGlobalSection
	GlobalSection(SolutionProperties) = preSolution
		HideSolutionNode = FALSE
	EndGlobalSection
	GlobalSection(ExtensibilityGlobals) = postSolution
		SolutionGuid = {60BCAABB-B43B-4517-B071-4259B7EC2651}
	EndGlobalSection
EndGlobal
